{
  "nodes": {
    "ags": {
      "inputs": {
        "astal": [
          "astal"
        ],
        "nixpkgs": [
          "nixpkgs"
        ]
      },
      "locked": {
        "lastModified": 1764289441,
        "narHash": "sha256-ak+lgFiYE5PHByN1/BRkO5JP498hno6Ix24C1Qf/vec=",
        "owner": "aylur",
        "repo": "ags",
        "rev": "e169694390548dfd38ff40f1ef2163d6c3ffe3ea",
        "type": "github"
      },
      "original": {
        "owner": "aylur",
        "repo": "ags",
        "type": "github"
      }
    },
    "astal": {
      "inputs": {
        "nixpkgs": [
          "nixpkgs"
        ]
      },
      "locked": {
        "lastModified": 1764173295,
        "narHash": "sha256-Jh4VtPcK2Ov+RTcV9FtyQRsxiJmXFQGfqX6jjM7/mgc=",
        "owner": "aylur",
        "repo": "astal",
        "rev": "7d1fac8a4b2a14954843a978d2ddde86168c75ef",
        "type": "github"
      },
      "original": {
        "owner": "aylur",
        "repo": "astal",
        "type": "github"
      }
    },
    "home-manager": {
      "inputs": {
        "nixpkgs": [
          "nixpkgs"
        ]
      },
      "locked": {
        "lastModified": 1765860045,
        "narHash": "sha256-7Lxp/PfOy4h3QIDtmWG/EgycaswqRSkDX4DGtet14NE=",
        "owner": "nix-community",
        "repo": "home-manager",
        "rev": "09de9577d47d8bffb11c449b6a3d24e32ac16c99",
        "type": "github"
      },
      "original": {
        "owner": "nix-community",
        "ref": "master",
        "repo": "home-manager",
        "type": "github"
      }
    },
    "levisNeovimConfig": {
      "inputs": {
        "nixpkgs": [
          "nixpkgs"
        ]
      },
      "locked": {
        "lastModified": 1767556363,
        "narHash": "sha256-zKKDJklKsLmYdRUCu8bSmxfr3X56hQGpFHLP3MDh7XU=",
        "owner": "LeviVanDerMaas",
        "repo": "nvim",
        "rev": "f4f52aa3ab5f6fd25ac25199a471d284a8826845",
        "type": "github"
      },
      "original": {
        "owner": "LeviVanDerMaas",
        "ref": "master",
        "repo": "nvim",
        "type": "github"
      }
    },
    "nixpkgs": {
      "locked": {
        "lastModified": 1765779637,
        "narHash": "sha256-KJ2wa/BLSrTqDjbfyNx70ov/HdgNBCBBSQP3BIzKnv4=",
        "owner": "nixos",
        "repo": "nixpkgs",
        "rev": "1306659b587dc277866c7b69eb97e5f07864d8c4",
        "type": "github"
      },
      "original": {
        "owner": "nixos",
        "ref": "nixos-unstable",
        "repo": "nixpkgs",
        "type": "github"
      }
    },
    "openrgb": {
      "flake": false,
      "locked": {
        "lastModified": 1722209914,
        "narHash": "sha256-VeiZFA4admqNWkXXG4I6B47q9teWZJQBF1n1COP6+2Q=",
        "owner": "CalcProgrammer1",
        "repo": "OpenRGB",
        "rev": "b5638eee126234ebfe8eb7fe240d7b732f5d5dc3",
        "type": "github"
      },
      "original": {
        "owner": "CalcProgrammer1",
        "repo": "OpenRGB",
        "rev": "b5638eee126234ebfe8eb7fe240d7b732f5d5dc3",
        "type": "github"
      }
    },
    "root": {
      "inputs": {
        "ags": "ags",
        "astal": "astal",
        "home-manager": "home-manager",
        "levisNeovimConfig": "levisNeovimConfig",
        "nixpkgs": "nixpkgs",
        "openrgb": "openrgb"
      }
    }
  },
  "root": "root",
  "version": 7
}
